// !$*UTF8*$!
{
	archiveVersion = 1;
	classes = {
	};
	objectVersion = 56;
	objects = {

/* Begin PBXBuildFile section */
		A52553F32AD5BDCA000DB23C /* HomeViewController.swift in Sources */ = {isa = PBXBuildFile; fileRef = A52553F22AD5BDCA000DB23C /* HomeViewController.swift */; };
		A52553F52AD5BDD9000DB23C /* SearchViewController.swift in Sources */ = {isa = PBXBuildFile; fileRef = A52553F42AD5BDD9000DB23C /* SearchViewController.swift */; };
		A52553F72AD5BDE5000DB23C /* NotificationViewController.swift in Sources */ = {isa = PBXBuildFile; fileRef = A52553F62AD5BDE5000DB23C /* NotificationViewController.swift */; };
		A52553F92AD5BDF3000DB23C /* DirectMessageViewController.swift in Sources */ = {isa = PBXBuildFile; fileRef = A52553F82AD5BDF3000DB23C /* DirectMessageViewController.swift */; };
		A525541C2AD641C2000DB23C /* TweetTableViewCell.swift in Sources */ = {isa = PBXBuildFile; fileRef = A525541B2AD641C2000DB23C /* TweetTableViewCell.swift */; };
		A525541F2AD79058000DB23C /* ProfileViewController.swift in Sources */ = {isa = PBXBuildFile; fileRef = A525541E2AD79058000DB23C /* ProfileViewController.swift */; };
		A52554212AD79834000DB23C /* ProfileTableViewHeader.swift in Sources */ = {isa = PBXBuildFile; fileRef = A52554202AD79834000DB23C /* ProfileTableViewHeader.swift */; };
		A5BD5DF92AD54E5A002E5149 /* AppDelegate.swift in Sources */ = {isa = PBXBuildFile; fileRef = A5BD5DF82AD54E5A002E5149 /* AppDelegate.swift */; };
		A5BD5DFB2AD54E5A002E5149 /* SceneDelegate.swift in Sources */ = {isa = PBXBuildFile; fileRef = A5BD5DFA2AD54E5A002E5149 /* SceneDelegate.swift */; };
		A5BD5DFD2AD54E5A002E5149 /* MainTabbarViewController.swift in Sources */ = {isa = PBXBuildFile; fileRef = A5BD5DFC2AD54E5A002E5149 /* MainTabbarViewController.swift */; };
		A5BD5E022AD54E5C002E5149 /* Assets.xcassets in Resources */ = {isa = PBXBuildFile; fileRef = A5BD5E012AD54E5C002E5149 /* Assets.xcassets */; };
		A5BD5E052AD54E5C002E5149 /* LaunchScreen.storyboard in Resources */ = {isa = PBXBuildFile; fileRef = A5BD5E032AD54E5C002E5149 /* LaunchScreen.storyboard */; };
		A5E4FF572ADA6843002DE408 /* FirebaseAnalytics in Frameworks */ = {isa = PBXBuildFile; productRef = A5E4FF562ADA6843002DE408 /* FirebaseAnalytics */; };
		A5E4FF592ADA6843002DE408 /* FirebaseAnalyticsOnDeviceConversion in Frameworks */ = {isa = PBXBuildFile; productRef = A5E4FF582ADA6843002DE408 /* FirebaseAnalyticsOnDeviceConversion */; };
		A5E4FF5B2ADA6843002DE408 /* FirebaseAnalyticsSwift in Frameworks */ = {isa = PBXBuildFile; productRef = A5E4FF5A2ADA6843002DE408 /* FirebaseAnalyticsSwift */; };
		A5E4FF5D2ADA6843002DE408 /* FirebaseAnalyticsWithoutAdIdSupport in Frameworks */ = {isa = PBXBuildFile; productRef = A5E4FF5C2ADA6843002DE408 /* FirebaseAnalyticsWithoutAdIdSupport */; };
		A5E4FF5F2ADA6843002DE408 /* FirebaseAppCheck in Frameworks */ = {isa = PBXBuildFile; productRef = A5E4FF5E2ADA6843002DE408 /* FirebaseAppCheck */; };
		A5E4FF612ADA6843002DE408 /* FirebaseAppDistribution-Beta in Frameworks */ = {isa = PBXBuildFile; productRef = A5E4FF602ADA6843002DE408 /* FirebaseAppDistribution-Beta */; };
		A5E4FF632ADA6843002DE408 /* FirebaseAuth in Frameworks */ = {isa = PBXBuildFile; productRef = A5E4FF622ADA6843002DE408 /* FirebaseAuth */; };
		A5E4FF652ADA6843002DE408 /* FirebaseAuthCombine-Community in Frameworks */ = {isa = PBXBuildFile; productRef = A5E4FF642ADA6843002DE408 /* FirebaseAuthCombine-Community */; };
		A5E4FF672ADA6843002DE408 /* FirebaseCrashlytics in Frameworks */ = {isa = PBXBuildFile; productRef = A5E4FF662ADA6843002DE408 /* FirebaseCrashlytics */; };
		A5E4FF692ADA6843002DE408 /* FirebaseDatabase in Frameworks */ = {isa = PBXBuildFile; productRef = A5E4FF682ADA6843002DE408 /* FirebaseDatabase */; };
		A5E4FF6B2ADA6843002DE408 /* FirebaseDatabaseSwift in Frameworks */ = {isa = PBXBuildFile; productRef = A5E4FF6A2ADA6843002DE408 /* FirebaseDatabaseSwift */; };
		A5E4FF6D2ADA6843002DE408 /* FirebaseDynamicLinks in Frameworks */ = {isa = PBXBuildFile; productRef = A5E4FF6C2ADA6843002DE408 /* FirebaseDynamicLinks */; };
		A5E4FF6F2ADA6843002DE408 /* FirebaseFirestore in Frameworks */ = {isa = PBXBuildFile; productRef = A5E4FF6E2ADA6843002DE408 /* FirebaseFirestore */; };
		A5E4FF712ADA6843002DE408 /* FirebaseFirestoreCombine-Community in Frameworks */ = {isa = PBXBuildFile; productRef = A5E4FF702ADA6843002DE408 /* FirebaseFirestoreCombine-Community */; };
		A5E4FF732ADA6843002DE408 /* FirebaseFirestoreSwift in Frameworks */ = {isa = PBXBuildFile; productRef = A5E4FF722ADA6843002DE408 /* FirebaseFirestoreSwift */; };
		A5E4FF752ADA6843002DE408 /* FirebaseFunctions in Frameworks */ = {isa = PBXBuildFile; productRef = A5E4FF742ADA6843002DE408 /* FirebaseFunctions */; };
		A5E4FF772ADA6843002DE408 /* FirebaseFunctionsCombine-Community in Frameworks */ = {isa = PBXBuildFile; productRef = A5E4FF762ADA6843002DE408 /* FirebaseFunctionsCombine-Community */; };
		A5E4FF792ADA6843002DE408 /* FirebaseInAppMessaging-Beta in Frameworks */ = {isa = PBXBuildFile; productRef = A5E4FF782ADA6843002DE408 /* FirebaseInAppMessaging-Beta */; };
		A5E4FF7B2ADA6843002DE408 /* FirebaseInAppMessagingSwift-Beta in Frameworks */ = {isa = PBXBuildFile; productRef = A5E4FF7A2ADA6843002DE408 /* FirebaseInAppMessagingSwift-Beta */; };
		A5E4FF7D2ADA6843002DE408 /* FirebaseInstallations in Frameworks */ = {isa = PBXBuildFile; productRef = A5E4FF7C2ADA6843002DE408 /* FirebaseInstallations */; };
		A5E4FF7F2ADA6843002DE408 /* FirebaseMLModelDownloader in Frameworks */ = {isa = PBXBuildFile; productRef = A5E4FF7E2ADA6843002DE408 /* FirebaseMLModelDownloader */; };
		A5E4FF812ADA6843002DE408 /* FirebaseMessaging in Frameworks */ = {isa = PBXBuildFile; productRef = A5E4FF802ADA6843002DE408 /* FirebaseMessaging */; };
		A5E4FF832ADA6843002DE408 /* FirebasePerformance in Frameworks */ = {isa = PBXBuildFile; productRef = A5E4FF822ADA6843002DE408 /* FirebasePerformance */; };
		A5E4FF852ADA6843002DE408 /* FirebaseRemoteConfig in Frameworks */ = {isa = PBXBuildFile; productRef = A5E4FF842ADA6843002DE408 /* FirebaseRemoteConfig */; };
		A5E4FF872ADA6843002DE408 /* FirebaseRemoteConfigSwift in Frameworks */ = {isa = PBXBuildFile; productRef = A5E4FF862ADA6843002DE408 /* FirebaseRemoteConfigSwift */; };
		A5E4FF892ADA6843002DE408 /* FirebaseStorage in Frameworks */ = {isa = PBXBuildFile; productRef = A5E4FF882ADA6843002DE408 /* FirebaseStorage */; };
		A5E4FF8B2ADA6843002DE408 /* FirebaseStorageCombine-Community in Frameworks */ = {isa = PBXBuildFile; productRef = A5E4FF8A2ADA6843002DE408 /* FirebaseStorageCombine-Community */; };
		A5E4FF8E2ADA69A9002DE408 /* OnboardingViewController.swift in Sources */ = {isa = PBXBuildFile; fileRef = A5E4FF8D2ADA69A9002DE408 /* OnboardingViewController.swift */; };
		A5E4FF902ADA9F9C002DE408 /* RegisterViewController.swift in Sources */ = {isa = PBXBuildFile; fileRef = A5E4FF8F2ADA9F9C002DE408 /* RegisterViewController.swift */; };
		A5E4FF932ADBB079002DE408 /* AuthenticationViewViewModel.swift in Sources */ = {isa = PBXBuildFile; fileRef = A5E4FF922ADBB079002DE408 /* AuthenticationViewViewModel.swift */; };
		A5E4FF962ADBDA8D002DE408 /* AuthManager.swift in Sources */ = {isa = PBXBuildFile; fileRef = A5E4FF952ADBDA8D002DE408 /* AuthManager.swift */; };
		A5E4FF982ADBE40C002DE408 /* GoogleService-Info.plist in Resources */ = {isa = PBXBuildFile; fileRef = A5E4FF972ADBE40C002DE408 /* GoogleService-Info.plist */; };
		A5E4FF9A2ADC54FB002DE408 /* LoginViewController.swift in Sources */ = {isa = PBXBuildFile; fileRef = A5E4FF992ADC54FA002DE408 /* LoginViewController.swift */; };
		A5E4FF9D2ADCFE96002DE408 /* TwitterUser.swift in Sources */ = {isa = PBXBuildFile; fileRef = A5E4FF9C2ADCFE96002DE408 /* TwitterUser.swift */; };
		A5E4FF9F2ADCFF2D002DE408 /* DatabaseManager.swift in Sources */ = {isa = PBXBuildFile; fileRef = A5E4FF9E2ADCFF2D002DE408 /* DatabaseManager.swift */; };
		A5E4FFA12ADD029C002DE408 /* HomeViewViewModel.swift in Sources */ = {isa = PBXBuildFile; fileRef = A5E4FFA02ADD029C002DE408 /* HomeViewViewModel.swift */; };
		A5E4FFA32ADD0B21002DE408 /* ProfileDataFormViewController.swift in Sources */ = {isa = PBXBuildFile; fileRef = A5E4FFA22ADD0B21002DE408 /* ProfileDataFormViewController.swift */; };
		A5E4FFA52ADD0BF0002DE408 /* ProfileDataFormViewViewModel.swift in Sources */ = {isa = PBXBuildFile; fileRef = A5E4FFA42ADD0BF0002DE408 /* ProfileDataFormViewViewModel.swift */; };
/* End PBXBuildFile section */

/* Begin PBXFileReference section */
		A52553F22AD5BDCA000DB23C /* HomeViewController.swift */ = {isa = PBXFileReference; lastKnownFileType = sourcecode.swift; path = HomeViewController.swift; sourceTree = "<group>"; };
		A52553F42AD5BDD9000DB23C /* SearchViewController.swift */ = {isa = PBXFileReference; lastKnownFileType = sourcecode.swift; path = SearchViewController.swift; sourceTree = "<group>"; };
		A52553F62AD5BDE5000DB23C /* NotificationViewController.swift */ = {isa = PBXFileReference; lastKnownFileType = sourcecode.swift; path = NotificationViewController.swift; sourceTree = "<group>"; };
		A52553F82AD5BDF3000DB23C /* DirectMessageViewController.swift */ = {isa = PBXFileReference; lastKnownFileType = sourcecode.swift; path = DirectMessageViewController.swift; sourceTree = "<group>"; };
		A525541B2AD641C2000DB23C /* TweetTableViewCell.swift */ = {isa = PBXFileReference; lastKnownFileType = sourcecode.swift; path = TweetTableViewCell.swift; sourceTree = "<group>"; };
		A525541E2AD79058000DB23C /* ProfileViewController.swift */ = {isa = PBXFileReference; lastKnownFileType = sourcecode.swift; path = ProfileViewController.swift; sourceTree = "<group>"; };
		A52554202AD79834000DB23C /* ProfileTableViewHeader.swift */ = {isa = PBXFileReference; lastKnownFileType = sourcecode.swift; path = ProfileTableViewHeader.swift; sourceTree = "<group>"; };
		A5BD5DF52AD54E5A002E5149 /* Twitter.app */ = {isa = PBXFileReference; explicitFileType = wrapper.application; includeInIndex = 0; path = Twitter.app; sourceTree = BUILT_PRODUCTS_DIR; };
		A5BD5DF82AD54E5A002E5149 /* AppDelegate.swift */ = {isa = PBXFileReference; lastKnownFileType = sourcecode.swift; path = AppDelegate.swift; sourceTree = "<group>"; };
		A5BD5DFA2AD54E5A002E5149 /* SceneDelegate.swift */ = {isa = PBXFileReference; lastKnownFileType = sourcecode.swift; path = SceneDelegate.swift; sourceTree = "<group>"; };
		A5BD5DFC2AD54E5A002E5149 /* MainTabbarViewController.swift */ = {isa = PBXFileReference; lastKnownFileType = sourcecode.swift; path = MainTabbarViewController.swift; sourceTree = "<group>"; };
		A5BD5E012AD54E5C002E5149 /* Assets.xcassets */ = {isa = PBXFileReference; lastKnownFileType = folder.assetcatalog; path = Assets.xcassets; sourceTree = "<group>"; };
		A5BD5E042AD54E5C002E5149 /* Base */ = {isa = PBXFileReference; lastKnownFileType = file.storyboard; name = Base; path = Base.lproj/LaunchScreen.storyboard; sourceTree = "<group>"; };
		A5BD5E062AD54E5C002E5149 /* Info.plist */ = {isa = PBXFileReference; lastKnownFileType = text.plist.xml; path = Info.plist; sourceTree = "<group>"; };
		A5E4FF8D2ADA69A9002DE408 /* OnboardingViewController.swift */ = {isa = PBXFileReference; lastKnownFileType = sourcecode.swift; path = OnboardingViewController.swift; sourceTree = "<group>"; };
		A5E4FF8F2ADA9F9C002DE408 /* RegisterViewController.swift */ = {isa = PBXFileReference; lastKnownFileType = sourcecode.swift; path = RegisterViewController.swift; sourceTree = "<group>"; };
		A5E4FF922ADBB079002DE408 /* AuthenticationViewViewModel.swift */ = {isa = PBXFileReference; lastKnownFileType = sourcecode.swift; path = AuthenticationViewViewModel.swift; sourceTree = "<group>"; };
		A5E4FF952ADBDA8D002DE408 /* AuthManager.swift */ = {isa = PBXFileReference; lastKnownFileType = sourcecode.swift; path = AuthManager.swift; sourceTree = "<group>"; };
		A5E4FF972ADBE40C002DE408 /* GoogleService-Info.plist */ = {isa = PBXFileReference; fileEncoding = 4; lastKnownFileType = text.plist.xml; path = "GoogleService-Info.plist"; sourceTree = "<group>"; };
		A5E4FF992ADC54FA002DE408 /* LoginViewController.swift */ = {isa = PBXFileReference; lastKnownFileType = sourcecode.swift; path = LoginViewController.swift; sourceTree = "<group>"; };
		A5E4FF9C2ADCFE96002DE408 /* TwitterUser.swift */ = {isa = PBXFileReference; lastKnownFileType = sourcecode.swift; path = TwitterUser.swift; sourceTree = "<group>"; };
		A5E4FF9E2ADCFF2D002DE408 /* DatabaseManager.swift */ = {isa = PBXFileReference; lastKnownFileType = sourcecode.swift; path = DatabaseManager.swift; sourceTree = "<group>"; };
		A5E4FFA02ADD029C002DE408 /* HomeViewViewModel.swift */ = {isa = PBXFileReference; lastKnownFileType = sourcecode.swift; path = HomeViewViewModel.swift; sourceTree = "<group>"; };
		A5E4FFA22ADD0B21002DE408 /* ProfileDataFormViewController.swift */ = {isa = PBXFileReference; lastKnownFileType = sourcecode.swift; path = ProfileDataFormViewController.swift; sourceTree = "<group>"; };
		A5E4FFA42ADD0BF0002DE408 /* ProfileDataFormViewViewModel.swift */ = {isa = PBXFileReference; lastKnownFileType = sourcecode.swift; path = ProfileDataFormViewViewModel.swift; sourceTree = "<group>"; };
/* End PBXFileReference section */

/* Begin PBXFrameworksBuildPhase section */
		A5BD5DF22AD54E5A002E5149 /* Frameworks */ = {
			isa = PBXFrameworksBuildPhase;
			buildActionMask = 2147483647;
			files = (
				A5E4FF692ADA6843002DE408 /* FirebaseDatabase in Frameworks */,
				A5E4FF772ADA6843002DE408 /* FirebaseFunctionsCombine-Community in Frameworks */,
				A5E4FF6F2ADA6843002DE408 /* FirebaseFirestore in Frameworks */,
				A5E4FF5B2ADA6843002DE408 /* FirebaseAnalyticsSwift in Frameworks */,
				A5E4FF572ADA6843002DE408 /* FirebaseAnalytics in Frameworks */,
				A5E4FF592ADA6843002DE408 /* FirebaseAnalyticsOnDeviceConversion in Frameworks */,
				A5E4FF7F2ADA6843002DE408 /* FirebaseMLModelDownloader in Frameworks */,
				A5E4FF732ADA6843002DE408 /* FirebaseFirestoreSwift in Frameworks */,
				A5E4FF5F2ADA6843002DE408 /* FirebaseAppCheck in Frameworks */,
				A5E4FF5D2ADA6843002DE408 /* FirebaseAnalyticsWithoutAdIdSupport in Frameworks */,
				A5E4FF632ADA6843002DE408 /* FirebaseAuth in Frameworks */,
				A5E4FF672ADA6843002DE408 /* FirebaseCrashlytics in Frameworks */,
				A5E4FF872ADA6843002DE408 /* FirebaseRemoteConfigSwift in Frameworks */,
				A5E4FF792ADA6843002DE408 /* FirebaseInAppMessaging-Beta in Frameworks */,
				A5E4FF6B2ADA6843002DE408 /* FirebaseDatabaseSwift in Frameworks */,
				A5E4FF752ADA6843002DE408 /* FirebaseFunctions in Frameworks */,
				A5E4FF8B2ADA6843002DE408 /* FirebaseStorageCombine-Community in Frameworks */,
				A5E4FF852ADA6843002DE408 /* FirebaseRemoteConfig in Frameworks */,
				A5E4FF612ADA6843002DE408 /* FirebaseAppDistribution-Beta in Frameworks */,
				A5E4FF652ADA6843002DE408 /* FirebaseAuthCombine-Community in Frameworks */,
				A5E4FF832ADA6843002DE408 /* FirebasePerformance in Frameworks */,
				A5E4FF7B2ADA6843002DE408 /* FirebaseInAppMessagingSwift-Beta in Frameworks */,
				A5E4FF892ADA6843002DE408 /* FirebaseStorage in Frameworks */,
				A5E4FF6D2ADA6843002DE408 /* FirebaseDynamicLinks in Frameworks */,
				A5E4FF712ADA6843002DE408 /* FirebaseFirestoreCombine-Community in Frameworks */,
				A5E4FF812ADA6843002DE408 /* FirebaseMessaging in Frameworks */,
				A5E4FF7D2ADA6843002DE408 /* FirebaseInstallations in Frameworks */,
			);
			runOnlyForDeploymentPostprocessing = 0;
		};
/* End PBXFrameworksBuildPhase section */

/* Begin PBXGroup section */
		A52553F02AD5BD16000DB23C /* Controllers */ = {
			isa = PBXGroup;
			children = (
				A5E4FF8C2ADA6988002DE408 /* Onboarding */,
				A525541D2AD79045000DB23C /* General */,
				A52553F12AD5BD1F000DB23C /* Core */,
			);
			path = Controllers;
			sourceTree = "<group>";
		};
		A52553F12AD5BD1F000DB23C /* Core */ = {
			isa = PBXGroup;
			children = (
				A5BD5DFC2AD54E5A002E5149 /* MainTabbarViewController.swift */,
				A52553F22AD5BDCA000DB23C /* HomeViewController.swift */,
				A52553F42AD5BDD9000DB23C /* SearchViewController.swift */,
				A52553F62AD5BDE5000DB23C /* NotificationViewController.swift */,
				A52553F82AD5BDF3000DB23C /* DirectMessageViewController.swift */,
			);
			path = Core;
			sourceTree = "<group>";
		};
		A525541A2AD641A5000DB23C /* Views */ = {
			isa = PBXGroup;
			children = (
				A525541B2AD641C2000DB23C /* TweetTableViewCell.swift */,
				A52554202AD79834000DB23C /* ProfileTableViewHeader.swift */,
			);
			path = Views;
			sourceTree = "<group>";
		};
		A525541D2AD79045000DB23C /* General */ = {
			isa = PBXGroup;
			children = (
				A525541E2AD79058000DB23C /* ProfileViewController.swift */,
				A5E4FFA22ADD0B21002DE408 /* ProfileDataFormViewController.swift */,
			);
			path = General;
			sourceTree = "<group>";
		};
		A5BD5DEC2AD54E5A002E5149 = {
			isa = PBXGroup;
			children = (
				A5BD5DF72AD54E5A002E5149 /* Twitter */,
				A5BD5DF62AD54E5A002E5149 /* Products */,
			);
			sourceTree = "<group>";
		};
		A5BD5DF62AD54E5A002E5149 /* Products */ = {
			isa = PBXGroup;
			children = (
				A5BD5DF52AD54E5A002E5149 /* Twitter.app */,
			);
			name = Products;
			sourceTree = "<group>";
		};
		A5BD5DF72AD54E5A002E5149 /* Twitter */ = {
			isa = PBXGroup;
			children = (
				A5E4FF9B2ADCFE5F002DE408 /* Models */,
				A5E4FF942ADBDA7D002DE408 /* Networking */,
				A5E4FF912ADBB05E002DE408 /* ViewModel */,
				A525541A2AD641A5000DB23C /* Views */,
				A52553F02AD5BD16000DB23C /* Controllers */,
				A5BD5DF82AD54E5A002E5149 /* AppDelegate.swift */,
				A5BD5DFA2AD54E5A002E5149 /* SceneDelegate.swift */,
				A5BD5E012AD54E5C002E5149 /* Assets.xcassets */,
				A5BD5E032AD54E5C002E5149 /* LaunchScreen.storyboard */,
				A5E4FF972ADBE40C002DE408 /* GoogleService-Info.plist */,
				A5BD5E062AD54E5C002E5149 /* Info.plist */,
			);
			path = Twitter;
			sourceTree = "<group>";
		};
		A5E4FF8C2ADA6988002DE408 /* Onboarding */ = {
			isa = PBXGroup;
			children = (
				A5E4FF8F2ADA9F9C002DE408 /* RegisterViewController.swift */,
				A5E4FF8D2ADA69A9002DE408 /* OnboardingViewController.swift */,
				A5E4FF992ADC54FA002DE408 /* LoginViewController.swift */,
			);
			path = Onboarding;
			sourceTree = "<group>";
		};
		A5E4FF912ADBB05E002DE408 /* ViewModel */ = {
			isa = PBXGroup;
			children = (
				A5E4FF922ADBB079002DE408 /* AuthenticationViewViewModel.swift */,
				A5E4FFA02ADD029C002DE408 /* HomeViewViewModel.swift */,
				A5E4FFA42ADD0BF0002DE408 /* ProfileDataFormViewViewModel.swift */,
			);
			path = ViewModel;
			sourceTree = "<group>";
		};
		A5E4FF942ADBDA7D002DE408 /* Networking */ = {
			isa = PBXGroup;
			children = (
				A5E4FF952ADBDA8D002DE408 /* AuthManager.swift */,
				A5E4FF9E2ADCFF2D002DE408 /* DatabaseManager.swift */,
			);
			path = Networking;
			sourceTree = "<group>";
		};
		A5E4FF9B2ADCFE5F002DE408 /* Models */ = {
			isa = PBXGroup;
			children = (
				A5E4FF9C2ADCFE96002DE408 /* TwitterUser.swift */,
			);
			path = Models;
			sourceTree = "<group>";
		};
/* End PBXGroup section */

/* Begin PBXNativeTarget section */
		A5BD5DF42AD54E5A002E5149 /* Twitter */ = {
			isa = PBXNativeTarget;
			buildConfigurationList = A5BD5E092AD54E5C002E5149 /* Build configuration list for PBXNativeTarget "Twitter" */;
			buildPhases = (
				A5BD5DF12AD54E5A002E5149 /* Sources */,
				A5BD5DF22AD54E5A002E5149 /* Frameworks */,
				A5BD5DF32AD54E5A002E5149 /* Resources */,
			);
			buildRules = (
			);
			dependencies = (
			);
			name = Twitter;
			packageProductDependencies = (
				A5E4FF562ADA6843002DE408 /* FirebaseAnalytics */,
				A5E4FF582ADA6843002DE408 /* FirebaseAnalyticsOnDeviceConversion */,
				A5E4FF5A2ADA6843002DE408 /* FirebaseAnalyticsSwift */,
				A5E4FF5C2ADA6843002DE408 /* FirebaseAnalyticsWithoutAdIdSupport */,
				A5E4FF5E2ADA6843002DE408 /* FirebaseAppCheck */,
				A5E4FF602ADA6843002DE408 /* FirebaseAppDistribution-Beta */,
				A5E4FF622ADA6843002DE408 /* FirebaseAuth */,
				A5E4FF642ADA6843002DE408 /* FirebaseAuthCombine-Community */,
				A5E4FF662ADA6843002DE408 /* FirebaseCrashlytics */,
				A5E4FF682ADA6843002DE408 /* FirebaseDatabase */,
				A5E4FF6A2ADA6843002DE408 /* FirebaseDatabaseSwift */,
				A5E4FF6C2ADA6843002DE408 /* FirebaseDynamicLinks */,
				A5E4FF6E2ADA6843002DE408 /* FirebaseFirestore */,
				A5E4FF702ADA6843002DE408 /* FirebaseFirestoreCombine-Community */,
				A5E4FF722ADA6843002DE408 /* FirebaseFirestoreSwift */,
				A5E4FF742ADA6843002DE408 /* FirebaseFunctions */,
				A5E4FF762ADA6843002DE408 /* FirebaseFunctionsCombine-Community */,
				A5E4FF782ADA6843002DE408 /* FirebaseInAppMessaging-Beta */,
				A5E4FF7A2ADA6843002DE408 /* FirebaseInAppMessagingSwift-Beta */,
				A5E4FF7C2ADA6843002DE408 /* FirebaseInstallations */,
				A5E4FF7E2ADA6843002DE408 /* FirebaseMLModelDownloader */,
				A5E4FF802ADA6843002DE408 /* FirebaseMessaging */,
				A5E4FF822ADA6843002DE408 /* FirebasePerformance */,
				A5E4FF842ADA6843002DE408 /* FirebaseRemoteConfig */,
				A5E4FF862ADA6843002DE408 /* FirebaseRemoteConfigSwift */,
				A5E4FF882ADA6843002DE408 /* FirebaseStorage */,
				A5E4FF8A2ADA6843002DE408 /* FirebaseStorageCombine-Community */,
			);
			productName = Twitter;
			productReference = A5BD5DF52AD54E5A002E5149 /* Twitter.app */;
			productType = "com.apple.product-type.application";
		};
/* End PBXNativeTarget section */

/* Begin PBXProject section */
		A5BD5DED2AD54E5A002E5149 /* Project object */ = {
			isa = PBXProject;
			attributes = {
				BuildIndependentTargetsInParallel = 1;
				LastSwiftUpdateCheck = 1500;
				LastUpgradeCheck = 1500;
				TargetAttributes = {
					A5BD5DF42AD54E5A002E5149 = {
						CreatedOnToolsVersion = 15.0;
					};
				};
			};
			buildConfigurationList = A5BD5DF02AD54E5A002E5149 /* Build configuration list for PBXProject "Twitter" */;
			compatibilityVersion = "Xcode 14.0";
			developmentRegion = en;
			hasScannedForEncodings = 0;
			knownRegions = (
				en,
				Base,
			);
			mainGroup = A5BD5DEC2AD54E5A002E5149;
			packageReferences = (
				A5E4FF552ADA6843002DE408 /* XCRemoteSwiftPackageReference "firebase-ios-sdk" */,
			);
			productRefGroup = A5BD5DF62AD54E5A002E5149 /* Products */;
			projectDirPath = "";
			projectRoot = "";
			targets = (
				A5BD5DF42AD54E5A002E5149 /* Twitter */,
			);
		};
/* End PBXProject section */

/* Begin PBXResourcesBuildPhase section */
		A5BD5DF32AD54E5A002E5149 /* Resources */ = {
			isa = PBXResourcesBuildPhase;
			buildActionMask = 2147483647;
			files = (
				A5BD5E052AD54E5C002E5149 /* LaunchScreen.storyboard in Resources */,
				A5BD5E022AD54E5C002E5149 /* Assets.xcassets in Resources */,
				A5E4FF982ADBE40C002DE408 /* GoogleService-Info.plist in Resources */,
			);
			runOnlyForDeploymentPostprocessing = 0;
		};
/* End PBXResourcesBuildPhase section */

/* Begin PBXSourcesBuildPhase section */
		A5BD5DF12AD54E5A002E5149 /* Sources */ = {
			isa = PBXSourcesBuildPhase;
			buildActionMask = 2147483647;
			files = (
				A52553F52AD5BDD9000DB23C /* SearchViewController.swift in Sources */,
				A5E4FF962ADBDA8D002DE408 /* AuthManager.swift in Sources */,
				A5BD5DFD2AD54E5A002E5149 /* MainTabbarViewController.swift in Sources */,
				A5E4FF9A2ADC54FB002DE408 /* LoginViewController.swift in Sources */,
				A5E4FF9F2ADCFF2D002DE408 /* DatabaseManager.swift in Sources */,
				A52553F72AD5BDE5000DB23C /* NotificationViewController.swift in Sources */,
				A5E4FF902ADA9F9C002DE408 /* RegisterViewController.swift in Sources */,
				A5BD5DF92AD54E5A002E5149 /* AppDelegate.swift in Sources */,
				A52553F92AD5BDF3000DB23C /* DirectMessageViewController.swift in Sources */,
				A5BD5DFB2AD54E5A002E5149 /* SceneDelegate.swift in Sources */,
				A5E4FF932ADBB079002DE408 /* AuthenticationViewViewModel.swift in Sources */,
				A5E4FFA52ADD0BF0002DE408 /* ProfileDataFormViewViewModel.swift in Sources */,
				A525541F2AD79058000DB23C /* ProfileViewController.swift in Sources */,
				A52553F32AD5BDCA000DB23C /* HomeViewController.swift in Sources */,
				A52554212AD79834000DB23C /* ProfileTableViewHeader.swift in Sources */,
				A5E4FFA32ADD0B21002DE408 /* ProfileDataFormViewController.swift in Sources */,
				A5E4FF8E2ADA69A9002DE408 /* OnboardingViewController.swift in Sources */,
				A5E4FF9D2ADCFE96002DE408 /* TwitterUser.swift in Sources */,
				A5E4FFA12ADD029C002DE408 /* HomeViewViewModel.swift in Sources */,
				A525541C2AD641C2000DB23C /* TweetTableViewCell.swift in Sources */,
			);
			runOnlyForDeploymentPostprocessing = 0;
		};
/* End PBXSourcesBuildPhase section */

/* Begin PBXVariantGroup section */
		A5BD5E032AD54E5C002E5149 /* LaunchScreen.storyboard */ = {
			isa = PBXVariantGroup;
			children = (
				A5BD5E042AD54E5C002E5149 /* Base */,
			);
			name = LaunchScreen.storyboard;
			sourceTree = "<group>";
		};
/* End PBXVariantGroup section */

/* Begin XCBuildConfiguration section */
		A5BD5E072AD54E5C002E5149 /* Debug */ = {
			isa = XCBuildConfiguration;
			buildSettings = {
				ALWAYS_SEARCH_USER_PATHS = NO;
				ASSETCATALOG_COMPILER_GENERATE_SWIFT_ASSET_SYMBOL_EXTENSIONS = YES;
				CLANG_ANALYZER_NONNULL = YES;
				CLANG_ANALYZER_NUMBER_OBJECT_CONVERSION = YES_AGGRESSIVE;
				CLANG_CXX_LANGUAGE_STANDARD = "gnu++20";
				CLANG_ENABLE_MODULES = YES;
				CLANG_ENABLE_OBJC_ARC = YES;
				CLANG_ENABLE_OBJC_WEAK = YES;
				CLANG_WARN_BLOCK_CAPTURE_AUTORELEASING = YES;
				CLANG_WARN_BOOL_CONVERSION = YES;
				CLANG_WARN_COMMA = YES;
				CLANG_WARN_CONSTANT_CONVERSION = YES;
				CLANG_WARN_DEPRECATED_OBJC_IMPLEMENTATIONS = YES;
				CLANG_WARN_DIRECT_OBJC_ISA_USAGE = YES_ERROR;
				CLANG_WARN_DOCUMENTATION_COMMENTS = YES;
				CLANG_WARN_EMPTY_BODY = YES;
				CLANG_WARN_ENUM_CONVERSION = YES;
				CLANG_WARN_INFINITE_RECURSION = YES;
				CLANG_WARN_INT_CONVERSION = YES;
				CLANG_WARN_NON_LITERAL_NULL_CONVERSION = YES;
				CLANG_WARN_OBJC_IMPLICIT_RETAIN_SELF = YES;
				CLANG_WARN_OBJC_LITERAL_CONVERSION = YES;
				CLANG_WARN_OBJC_ROOT_CLASS = YES_ERROR;
				CLANG_WARN_QUOTED_INCLUDE_IN_FRAMEWORK_HEADER = YES;
				CLANG_WARN_RANGE_LOOP_ANALYSIS = YES;
				CLANG_WARN_STRICT_PROTOTYPES = YES;
				CLANG_WARN_SUSPICIOUS_MOVE = YES;
				CLANG_WARN_UNGUARDED_AVAILABILITY = YES_AGGRESSIVE;
				CLANG_WARN_UNREACHABLE_CODE = YES;
				CLANG_WARN__DUPLICATE_METHOD_MATCH = YES;
				COPY_PHASE_STRIP = NO;
				DEBUG_INFORMATION_FORMAT = dwarf;
				ENABLE_STRICT_OBJC_MSGSEND = YES;
				ENABLE_TESTABILITY = YES;
				ENABLE_USER_SCRIPT_SANDBOXING = YES;
				GCC_C_LANGUAGE_STANDARD = gnu17;
				GCC_DYNAMIC_NO_PIC = NO;
				GCC_NO_COMMON_BLOCKS = YES;
				GCC_OPTIMIZATION_LEVEL = 0;
				GCC_PREPROCESSOR_DEFINITIONS = (
					"DEBUG=1",
					"$(inherited)",
				);
				GCC_WARN_64_TO_32_BIT_CONVERSION = YES;
				GCC_WARN_ABOUT_RETURN_TYPE = YES_ERROR;
				GCC_WARN_UNDECLARED_SELECTOR = YES;
				GCC_WARN_UNINITIALIZED_AUTOS = YES_AGGRESSIVE;
				GCC_WARN_UNUSED_FUNCTION = YES;
				GCC_WARN_UNUSED_VARIABLE = YES;
				IPHONEOS_DEPLOYMENT_TARGET = 17.0;
				LOCALIZATION_PREFERS_STRING_CATALOGS = YES;
				MTL_ENABLE_DEBUG_INFO = INCLUDE_SOURCE;
				MTL_FAST_MATH = YES;
				ONLY_ACTIVE_ARCH = YES;
				SDKROOT = iphoneos;
				SWIFT_ACTIVE_COMPILATION_CONDITIONS = "DEBUG $(inherited)";
				SWIFT_OPTIMIZATION_LEVEL = "-Onone";
			};
			name = Debug;
		};
		A5BD5E082AD54E5C002E5149 /* Release */ = {
			isa = XCBuildConfiguration;
			buildSettings = {
				ALWAYS_SEARCH_USER_PATHS = NO;
				ASSETCATALOG_COMPILER_GENERATE_SWIFT_ASSET_SYMBOL_EXTENSIONS = YES;
				CLANG_ANALYZER_NONNULL = YES;
				CLANG_ANALYZER_NUMBER_OBJECT_CONVERSION = YES_AGGRESSIVE;
				CLANG_CXX_LANGUAGE_STANDARD = "gnu++20";
				CLANG_ENABLE_MODULES = YES;
				CLANG_ENABLE_OBJC_ARC = YES;
				CLANG_ENABLE_OBJC_WEAK = YES;
				CLANG_WARN_BLOCK_CAPTURE_AUTORELEASING = YES;
				CLANG_WARN_BOOL_CONVERSION = YES;
				CLANG_WARN_COMMA = YES;
				CLANG_WARN_CONSTANT_CONVERSION = YES;
				CLANG_WARN_DEPRECATED_OBJC_IMPLEMENTATIONS = YES;
				CLANG_WARN_DIRECT_OBJC_ISA_USAGE = YES_ERROR;
				CLANG_WARN_DOCUMENTATION_COMMENTS = YES;
				CLANG_WARN_EMPTY_BODY = YES;
				CLANG_WARN_ENUM_CONVERSION = YES;
				CLANG_WARN_INFINITE_RECURSION = YES;
				CLANG_WARN_INT_CONVERSION = YES;
				CLANG_WARN_NON_LITERAL_NULL_CONVERSION = YES;
				CLANG_WARN_OBJC_IMPLICIT_RETAIN_SELF = YES;
				CLANG_WARN_OBJC_LITERAL_CONVERSION = YES;
				CLANG_WARN_OBJC_ROOT_CLASS = YES_ERROR;
				CLANG_WARN_QUOTED_INCLUDE_IN_FRAMEWORK_HEADER = YES;
				CLANG_WARN_RANGE_LOOP_ANALYSIS = YES;
				CLANG_WARN_STRICT_PROTOTYPES = YES;
				CLANG_WARN_SUSPICIOUS_MOVE = YES;
				CLANG_WARN_UNGUARDED_AVAILABILITY = YES_AGGRESSIVE;
				CLANG_WARN_UNREACHABLE_CODE = YES;
				CLANG_WARN__DUPLICATE_METHOD_MATCH = YES;
				COPY_PHASE_STRIP = NO;
				DEBUG_INFORMATION_FORMAT = "dwarf-with-dsym";
				ENABLE_NS_ASSERTIONS = NO;
				ENABLE_STRICT_OBJC_MSGSEND = YES;
				ENABLE_USER_SCRIPT_SANDBOXING = YES;
				GCC_C_LANGUAGE_STANDARD = gnu17;
				GCC_NO_COMMON_BLOCKS = YES;
				GCC_WARN_64_TO_32_BIT_CONVERSION = YES;
				GCC_WARN_ABOUT_RETURN_TYPE = YES_ERROR;
				GCC_WARN_UNDECLARED_SELECTOR = YES;
				GCC_WARN_UNINITIALIZED_AUTOS = YES_AGGRESSIVE;
				GCC_WARN_UNUSED_FUNCTION = YES;
				GCC_WARN_UNUSED_VARIABLE = YES;
				IPHONEOS_DEPLOYMENT_TARGET = 17.0;
				LOCALIZATION_PREFERS_STRING_CATALOGS = YES;
				MTL_ENABLE_DEBUG_INFO = NO;
				MTL_FAST_MATH = YES;
				SDKROOT = iphoneos;
				SWIFT_COMPILATION_MODE = wholemodule;
				VALIDATE_PRODUCT = YES;
			};
			name = Release;
		};
		A5BD5E0A2AD54E5C002E5149 /* Debug */ = {
			isa = XCBuildConfiguration;
			buildSettings = {
				ASSETCATALOG_COMPILER_APPICON_NAME = AppIcon;
				ASSETCATALOG_COMPILER_GLOBAL_ACCENT_COLOR_NAME = AccentColor;
				CODE_SIGN_STYLE = Automatic;
				CURRENT_PROJECT_VERSION = 1;
				DEVELOPMENT_TEAM = FQRWL84Z3B;
				GENERATE_INFOPLIST_FILE = YES;
				INFOPLIST_FILE = Twitter/Info.plist;
				INFOPLIST_KEY_UIApplicationSupportsIndirectInputEvents = YES;
				INFOPLIST_KEY_UILaunchStoryboardName = LaunchScreen;
				INFOPLIST_KEY_UISupportedInterfaceOrientations_iPad = "UIInterfaceOrientationPortrait UIInterfaceOrientationPortraitUpsideDown UIInterfaceOrientationLandscapeLeft UIInterfaceOrientationLandscapeRight";
				INFOPLIST_KEY_UISupportedInterfaceOrientations_iPhone = "UIInterfaceOrientationPortrait UIInterfaceOrientationLandscapeLeft UIInterfaceOrientationLandscapeRight";
				IPHONEOS_DEPLOYMENT_TARGET = 16.0;
				LD_RUNPATH_SEARCH_PATHS = (
					"$(inherited)",
					"@executable_path/Frameworks",
				);
				MARKETING_VERSION = 1.0;
				PRODUCT_BUNDLE_IDENTIFIER = com.WooBi.Twitter;
				PRODUCT_NAME = "$(TARGET_NAME)";
				SWIFT_EMIT_LOC_STRINGS = YES;
				SWIFT_VERSION = 5.0;
				TARGETED_DEVICE_FAMILY = "1,2";
			};
			name = Debug;
		};
		A5BD5E0B2AD54E5C002E5149 /* Release */ = {
			isa = XCBuildConfiguration;
			buildSettings = {
				ASSETCATALOG_COMPILER_APPICON_NAME = AppIcon;
				ASSETCATALOG_COMPILER_GLOBAL_ACCENT_COLOR_NAME = AccentColor;
				CODE_SIGN_STYLE = Automatic;
				CURRENT_PROJECT_VERSION = 1;
				DEVELOPMENT_TEAM = FQRWL84Z3B;
				GENERATE_INFOPLIST_FILE = YES;
				INFOPLIST_FILE = Twitter/Info.plist;
				INFOPLIST_KEY_UIApplicationSupportsIndirectInputEvents = YES;
				INFOPLIST_KEY_UILaunchStoryboardName = LaunchScreen;
				INFOPLIST_KEY_UISupportedInterfaceOrientations_iPad = "UIInterfaceOrientationPortrait UIInterfaceOrientationPortraitUpsideDown UIInterfaceOrientationLandscapeLeft UIInterfaceOrientationLandscapeRight";
				INFOPLIST_KEY_UISupportedInterfaceOrientations_iPhone = "UIInterfaceOrientationPortrait UIInterfaceOrientationLandscapeLeft UIInterfaceOrientationLandscapeRight";
				IPHONEOS_DEPLOYMENT_TARGET = 16.0;
				LD_RUNPATH_SEARCH_PATHS = (
					"$(inherited)",
					"@executable_path/Frameworks",
				);
				MARKETING_VERSION = 1.0;
				PRODUCT_BUNDLE_IDENTIFIER = com.WooBi.Twitter;
				PRODUCT_NAME = "$(TARGET_NAME)";
				SWIFT_EMIT_LOC_STRINGS = YES;
				SWIFT_VERSION = 5.0;
				TARGETED_DEVICE_FAMILY = "1,2";
			};
			name = Release;
		};
/* End XCBuildConfiguration section */

/* Begin XCConfigurationList section */
		A5BD5DF02AD54E5A002E5149 /* Build configuration list for PBXProject "Twitter" */ = {
			isa = XCConfigurationList;
			buildConfigurations = (
				A5BD5E072AD54E5C002E5149 /* Debug */,
				A5BD5E082AD54E5C002E5149 /* Release */,
			);
			defaultConfigurationIsVisible = 0;
			defaultConfigurationName = Release;
		};
		A5BD5E092AD54E5C002E5149 /* Build configuration list for PBXNativeTarget "Twitter" */ = {
			isa = XCConfigurationList;
			buildConfigurations = (
				A5BD5E0A2AD54E5C002E5149 /* Debug */,
				A5BD5E0B2AD54E5C002E5149 /* Release */,
			);
			defaultConfigurationIsVisible = 0;
			defaultConfigurationName = Release;
		};
/* End XCConfigurationList section */

/* Begin XCRemoteSwiftPackageReference section */
		A5E4FF552ADA6843002DE408 /* XCRemoteSwiftPackageReference "firebase-ios-sdk" */ = {
			isa = XCRemoteSwiftPackageReference;
			repositoryURL = "https://github.com/firebase/firebase-ios-sdk";
			requirement = {
				kind = upToNextMinorVersion;
				minimumVersion = 10.16.0;
			};
		};
/* End XCRemoteSwiftPackageReference section */

/* Begin XCSwiftPackageProductDependency section */
		A5E4FF562ADA6843002DE408 /* FirebaseAnalytics */ = {
			isa = XCSwiftPackageProductDependency;
			package = A5E4FF552ADA6843002DE408 /* XCRemoteSwiftPackageReference "firebase-ios-sdk" */;
			productName = FirebaseAnalytics;
		};
		A5E4FF582ADA6843002DE408 /* FirebaseAnalyticsOnDeviceConversion */ = {
			isa = XCSwiftPackageProductDependency;
			package = A5E4FF552ADA6843002DE408 /* XCRemoteSwiftPackageReference "firebase-ios-sdk" */;
			productName = FirebaseAnalyticsOnDeviceConversion;
		};
		A5E4FF5A2ADA6843002DE408 /* FirebaseAnalyticsSwift */ = {
			isa = XCSwiftPackageProductDependency;
			package = A5E4FF552ADA6843002DE408 /* XCRemoteSwiftPackageReference "firebase-ios-sdk" */;
			productName = FirebaseAnalyticsSwift;
		};
		A5E4FF5C2ADA6843002DE408 /* FirebaseAnalyticsWithoutAdIdSupport */ = {
			isa = XCSwiftPackageProductDependency;
			package = A5E4FF552ADA6843002DE408 /* XCRemoteSwiftPackageReference "firebase-ios-sdk" */;
			productName = FirebaseAnalyticsWithoutAdIdSupport;
		};
		A5E4FF5E2ADA6843002DE408 /* FirebaseAppCheck */ = {
			isa = XCSwiftPackageProductDependency;
			package = A5E4FF552ADA6843002DE408 /* XCRemoteSwiftPackageReference "firebase-ios-sdk" */;
			productName = FirebaseAppCheck;
		};
		A5E4FF602ADA6843002DE408 /* FirebaseAppDistribution-Beta */ = {
			isa = XCSwiftPackageProductDependency;
			package = A5E4FF552ADA6843002DE408 /* XCRemoteSwiftPackageReference "firebase-ios-sdk" */;
			productName = "FirebaseAppDistribution-Beta";
		};
		A5E4FF622ADA6843002DE408 /* FirebaseAuth */ = {
			isa = XCSwiftPackageProductDependency;
			package = A5E4FF552ADA6843002DE408 /* XCRemoteSwiftPackageReference "firebase-ios-sdk" */;
			productName = FirebaseAuth;
		};
		A5E4FF642ADA6843002DE408 /* FirebaseAuthCombine-Community */ = {
			isa = XCSwiftPackageProductDependency;
			package = A5E4FF552ADA6843002DE408 /* XCRemoteSwiftPackageReference "firebase-ios-sdk" */;
			productName = "FirebaseAuthCombine-Community";
		};
		A5E4FF662ADA6843002DE408 /* FirebaseCrashlytics */ = {
			isa = XCSwiftPackageProductDependency;
			package = A5E4FF552ADA6843002DE408 /* XCRemoteSwiftPackageReference "firebase-ios-sdk" */;
			productName = FirebaseCrashlytics;
		};
		A5E4FF682ADA6843002DE408 /* FirebaseDatabase */ = {
			isa = XCSwiftPackageProductDependency;
			package = A5E4FF552ADA6843002DE408 /* XCRemoteSwiftPackageReference "firebase-ios-sdk" */;
			productName = FirebaseDatabase;
		};
		A5E4FF6A2ADA6843002DE408 /* FirebaseDatabaseSwift */ = {
			isa = XCSwiftPackageProductDependency;
			package = A5E4FF552ADA6843002DE408 /* XCRemoteSwiftPackageReference "firebase-ios-sdk" */;
			productName = FirebaseDatabaseSwift;
		};
		A5E4FF6C2ADA6843002DE408 /* FirebaseDynamicLinks */ = {
			isa = XCSwiftPackageProductDependency;
			package = A5E4FF552ADA6843002DE408 /* XCRemoteSwiftPackageReference "firebase-ios-sdk" */;
			productName = FirebaseDynamicLinks;
		};
		A5E4FF6E2ADA6843002DE408 /* FirebaseFirestore */ = {
			isa = XCSwiftPackageProductDependency;
			package = A5E4FF552ADA6843002DE408 /* XCRemoteSwiftPackageReference "firebase-ios-sdk" */;
			productName = FirebaseFirestore;
		};
		A5E4FF702ADA6843002DE408 /* FirebaseFirestoreCombine-Community */ = {
			isa = XCSwiftPackageProductDependency;
			package = A5E4FF552ADA6843002DE408 /* XCRemoteSwiftPackageReference "firebase-ios-sdk" */;
			productName = "FirebaseFirestoreCombine-Community";
		};
		A5E4FF722ADA6843002DE408 /* FirebaseFirestoreSwift */ = {
			isa = XCSwiftPackageProductDependency;
			package = A5E4FF552ADA6843002DE408 /* XCRemoteSwiftPackageReference "firebase-ios-sdk" */;
			productName = FirebaseFirestoreSwift;
		};
		A5E4FF742ADA6843002DE408 /* FirebaseFunctions */ = {
			isa = XCSwiftPackageProductDependency;
			package = A5E4FF552ADA6843002DE408 /* XCRemoteSwiftPackageReference "firebase-ios-sdk" */;
			productName = FirebaseFunctions;
		};
		A5E4FF762ADA6843002DE408 /* FirebaseFunctionsCombine-Community */ = {
			isa = XCSwiftPackageProductDependency;
			package = A5E4FF552ADA6843002DE408 /* XCRemoteSwiftPackageReference "firebase-ios-sdk" */;
			productName = "FirebaseFunctionsCombine-Community";
		};
		A5E4FF782ADA6843002DE408 /* FirebaseInAppMessaging-Beta */ = {
			isa = XCSwiftPackageProductDependency;
			package = A5E4FF552ADA6843002DE408 /* XCRemoteSwiftPackageReference "firebase-ios-sdk" */;
			productName = "FirebaseInAppMessaging-Beta";
		};
		A5E4FF7A2ADA6843002DE408 /* FirebaseInAppMessagingSwift-Beta */ = {
			isa = XCSwiftPackageProductDependency;
			package = A5E4FF552ADA6843002DE408 /* XCRemoteSwiftPackageReference "firebase-ios-sdk" */;
			productName = "FirebaseInAppMessagingSwift-Beta";
		};
		A5E4FF7C2ADA6843002DE408 /* FirebaseInstallations */ = {
			isa = XCSwiftPackageProductDependency;
			package = A5E4FF552ADA6843002DE408 /* XCRemoteSwiftPackageReference "firebase-ios-sdk" */;
			productName = FirebaseInstallations;
		};
		A5E4FF7E2ADA6843002DE408 /* FirebaseMLModelDownloader */ = {
			isa = XCSwiftPackageProductDependency;
			package = A5E4FF552ADA6843002DE408 /* XCRemoteSwiftPackageReference "firebase-ios-sdk" */;
			productName = FirebaseMLModelDownloader;
		};
		A5E4FF802ADA6843002DE408 /* FirebaseMessaging */ = {
			isa = XCSwiftPackageProductDependency;
			package = A5E4FF552ADA6843002DE408 /* XCRemoteSwiftPackageReference "firebase-ios-sdk" */;
			productName = FirebaseMessaging;
		};
		A5E4FF822ADA6843002DE408 /* FirebasePerformance */ = {
			isa = XCSwiftPackageProductDependency;
			package = A5E4FF552ADA6843002DE408 /* XCRemoteSwiftPackageReference "firebase-ios-sdk" */;
			productName = FirebasePerformance;
		};
		A5E4FF842ADA6843002DE408 /* FirebaseRemoteConfig */ = {
			isa = XCSwiftPackageProductDependency;
			package = A5E4FF552ADA6843002DE408 /* XCRemoteSwiftPackageReference "firebase-ios-sdk" */;
			productName = FirebaseRemoteConfig;
		};
		A5E4FF862ADA6843002DE408 /* FirebaseRemoteConfigSwift */ = {
			isa = XCSwiftPackageProductDependency;
			package = A5E4FF552ADA6843002DE408 /* XCRemoteSwiftPackageReference "firebase-ios-sdk" */;
			productName = FirebaseRemoteConfigSwift;
		};
		A5E4FF882ADA6843002DE408 /* FirebaseStorage */ = {
			isa = XCSwiftPackageProductDependency;
			package = A5E4FF552ADA6843002DE408 /* XCRemoteSwiftPackageReference "firebase-ios-sdk" */;
			productName = FirebaseStorage;
		};
		A5E4FF8A2ADA6843002DE408 /* FirebaseStorageCombine-Community */ = {
			isa = XCSwiftPackageProductDependency;
			package = A5E4FF552ADA6843002DE408 /* XCRemoteSwiftPackageReference "firebase-ios-sdk" */;
			productName = "FirebaseStorageCombine-Community";
		};
/* End XCSwiftPackageProductDependency section */
	};
	rootObject = A5BD5DED2AD54E5A002E5149 /* Project object */;
}
